
Microsoft Visual Studio Solution File, Format Version 12.00
# Visual Studio 15
VisualStudioVersion = 15.0.28010.2016
MinimumVisualStudioVersion = 10.0.40219.1
Project("{FAE04EC0-301F-11D3-BF4B-00C04F79EFBC}") = "Presentacion", "Presentacion\Presentacion.csproj", "{1D441084-B559-4A51-86FB-4198B5407224}"
EndProject
Global
	GlobalSection(SolutionConfigurationPlatforms) = preSolution
		Debug|Any CPU = Debug|Any CPU
		Release|Any CPU = Release|Any CPU
	EndGlobalSection
	GlobalSection(ProjectConfigurationPlatforms) = postSolution
		{1D441084-B559-4A51-86FB-4198B5407224}.Debug|Any CPU.ActiveCfg = Debug|Any CPU
		{1D441084-B559-4A51-86FB-4198B5407224}.Debug|Any CPU.Build.0 = Debug|Any CPU
		{1D441084-B559-4A51-86FB-4198B5407224}.Release|Any CPU.ActiveCfg = Release|Any CPU
		{1D441084-B559-4A51-86FB-4198B5407224}.Release|Any CPU.Build.0 = Release|Any CPU
	EndGlobalSection
	GlobalSection(SolutionProperties) = preSolution
		HideSolutionNode = FALSE
	EndGlobalSection
	GlobalSection(ExtensibilityGlobals) = postSolution
		SolutionGuid = {B13FEB00-919E-4C0E-BA3D-5D0CA7991718}
	EndGlobalSection
EndGlobal
