
Microsoft Visual Studio Solution File, Format Version 12.00
# Visual Studio 15
VisualStudioVersion = 15.0.26228.12
MinimumVisualStudioVersion = 10.0.40219.1
Project("{FAE04EC0-301F-11D3-BF4B-00C04F79EFBC}") = "Modelo", "Modelo\Modelo.csproj", "{5696EEED-DE48-4930-812E-A585AE2C674F}"
EndProject
Project("{FAE04EC0-301F-11D3-BF4B-00C04F79EFBC}") = "Presentacion", "Presentacion\Presentacion.csproj", "{703C04E8-233B-4BEF-ACAD-B020A16E73B7}"
EndProject
Project("{FAE04EC0-301F-11D3-BF4B-00C04F79EFBC}") = "AccesoDatos", "AccesoDatos\AccesoDatos.csproj", "{B06F7E2E-D8B0-48C5-A88D-FB3CA2903A77}"
EndProject
Project("{FAE04EC0-301F-11D3-BF4B-00C04F79EFBC}") = "LogicaNegocio", "LogicaNegocio\LogicaNegocio.csproj", "{55948BF7-0011-49C9-9B7E-28DA0C1E964F}"
EndProject
Global
	GlobalSection(SolutionConfigurationPlatforms) = preSolution
		Debug|Any CPU = Debug|Any CPU
		Release|Any CPU = Release|Any CPU
	EndGlobalSection
	GlobalSection(ProjectConfigurationPlatforms) = postSolution
		{5696EEED-DE48-4930-812E-A585AE2C674F}.Debug|Any CPU.ActiveCfg = Debug|Any CPU
		{5696EEED-DE48-4930-812E-A585AE2C674F}.Debug|Any CPU.Build.0 = Debug|Any CPU
		{5696EEED-DE48-4930-812E-A585AE2C674F}.Release|Any CPU.ActiveCfg = Release|Any CPU
		{5696EEED-DE48-4930-812E-A585AE2C674F}.Release|Any CPU.Build.0 = Release|Any CPU
		{703C04E8-233B-4BEF-ACAD-B020A16E73B7}.Debug|Any CPU.ActiveCfg = Debug|Any CPU
		{703C04E8-233B-4BEF-ACAD-B020A16E73B7}.Debug|Any CPU.Build.0 = Debug|Any CPU
		{703C04E8-233B-4BEF-ACAD-B020A16E73B7}.Release|Any CPU.ActiveCfg = Release|Any CPU
		{703C04E8-233B-4BEF-ACAD-B020A16E73B7}.Release|Any CPU.Build.0 = Release|Any CPU
		{B06F7E2E-D8B0-48C5-A88D-FB3CA2903A77}.Debug|Any CPU.ActiveCfg = Debug|Any CPU
		{B06F7E2E-D8B0-48C5-A88D-FB3CA2903A77}.Debug|Any CPU.Build.0 = Debug|Any CPU
		{B06F7E2E-D8B0-48C5-A88D-FB3CA2903A77}.Release|Any CPU.ActiveCfg = Release|Any CPU
		{B06F7E2E-D8B0-48C5-A88D-FB3CA2903A77}.Release|Any CPU.Build.0 = Release|Any CPU
		{55948BF7-0011-49C9-9B7E-28DA0C1E964F}.Debug|Any CPU.ActiveCfg = Debug|Any CPU
		{55948BF7-0011-49C9-9B7E-28DA0C1E964F}.Debug|Any CPU.Build.0 = Debug|Any CPU
		{55948BF7-0011-49C9-9B7E-28DA0C1E964F}.Release|Any CPU.ActiveCfg = Release|Any CPU
		{55948BF7-0011-49C9-9B7E-28DA0C1E964F}.Release|Any CPU.Build.0 = Release|Any CPU
	EndGlobalSection
	GlobalSection(SolutionProperties) = preSolution
		HideSolutionNode = FALSE
	EndGlobalSection
	GlobalSection(ExtensibilityGlobals) = postSolution
		SolutionGuid = {B13FEB00-919E-4C0E-BA3D-5D0CA7991718}
	EndGlobalSection
EndGlobal
